
Microsoft Visual Studio Solution File, Format Version 12.00
# Visual Studio Version 16
VisualStudioVersion = 16.0.31729.503
MinimumVisualStudioVersion = 10.0.40219.1
Project("{8BC9CEB8-8B4A-11D0-8D11-00A0C91BC942}") = "openended1212", "openended1212.vcxproj", "{100737FE-CBE1-4953-A51C-4F00875D987C}"
EndProject
Global
	GlobalSection(SolutionConfigurationPlatforms) = preSolution
		Debug|x64 = Debug|x64
		Debug|x86 = Debug|x86
		Release|x64 = Release|x64
		Release|x86 = Release|x86
	EndGlobalSection
	GlobalSection(ProjectConfigurationPlatforms) = postSolution
		{100737FE-CBE1-4953-A51C-4F00875D987C}.Debug|x64.ActiveCfg = Debug|x64
		{100737FE-CBE1-4953-A51C-4F00875D987C}.Debug|x64.Build.0 = Debug|x64
		{100737FE-CBE1-4953-A51C-4F00875D987C}.Debug|x86.ActiveCfg = Debug|Win32
		{100737FE-CBE1-4953-A51C-4F00875D987C}.Debug|x86.Build.0 = Debug|Win32
		{100737FE-CBE1-4953-A51C-4F00875D987C}.Release|x64.ActiveCfg = Release|x64
		{100737FE-CBE1-4953-A51C-4F00875D987C}.Release|x64.Build.0 = Release|x64
		{100737FE-CBE1-4953-A51C-4F00875D987C}.Release|x86.ActiveCfg = Release|Win32
		{100737FE-CBE1-4953-A51C-4F00875D987C}.Release|x86.Build.0 = Release|Win32
	EndGlobalSection
	GlobalSection(SolutionProperties) = preSolution
		HideSolutionNode = FALSE
	EndGlobalSection
	GlobalSection(ExtensibilityGlobals) = postSolution
		SolutionGuid = {23B90DD2-E296-44DB-801F-4B9F6491D62F}
	EndGlobalSection
EndGlobal
